
Microsoft Visual Studio Solution File, Format Version 12.00
# Visual Studio Version 17
VisualStudioVersion = 17.1.32328.378
MinimumVisualStudioVersion = 10.0.40219.1
Project("{FAE04EC0-301F-11D3-BF4B-00C04F79EFBC}") = "QuotientAndReminder", "QuotientAndReminder.csproj", "{434FF4DF-F4D6-40A2-BA61-C27C6572CFE0}"
EndProject
Global
	GlobalSection(SolutionConfigurationPlatforms) = preSolution
		Debug|Any CPU = Debug|Any CPU
		Release|Any CPU = Release|Any CPU
	EndGlobalSection
	GlobalSection(ProjectConfigurationPlatforms) = postSolution
		{434FF4DF-F4D6-40A2-BA61-C27C6572CFE0}.Debug|Any CPU.ActiveCfg = Debug|Any CPU
		{434FF4DF-F4D6-40A2-BA61-C27C6572CFE0}.Debug|Any CPU.Build.0 = Debug|Any CPU
		{434FF4DF-F4D6-40A2-BA61-C27C6572CFE0}.Release|Any CPU.ActiveCfg = Release|Any CPU
		{434FF4DF-F4D6-40A2-BA61-C27C6572CFE0}.Release|Any CPU.Build.0 = Release|Any CPU
	EndGlobalSection
	GlobalSection(SolutionProperties) = preSolution
		HideSolutionNode = FALSE
	EndGlobalSection
	GlobalSection(ExtensibilityGlobals) = postSolution
		SolutionGuid = {418AF550-7667-4DDE-A0BC-F0EC8938792D}
	EndGlobalSection
EndGlobal
