
Microsoft Visual Studio Solution File, Format Version 12.00
# Visual Studio Version 17
VisualStudioVersion = 17.1.32328.378
MinimumVisualStudioVersion = 10.0.40219.1
Project("{FAE04EC0-301F-11D3-BF4B-00C04F79EFBC}") = "LeapYear", "LeapYear.csproj", "{5A1A320E-71DE-44BC-8E2E-03F589E07368}"
EndProject
Global
	GlobalSection(SolutionConfigurationPlatforms) = preSolution
		Debug|Any CPU = Debug|Any CPU
		Release|Any CPU = Release|Any CPU
	EndGlobalSection
	GlobalSection(ProjectConfigurationPlatforms) = postSolution
		{5A1A320E-71DE-44BC-8E2E-03F589E07368}.Debug|Any CPU.ActiveCfg = Debug|Any CPU
		{5A1A320E-71DE-44BC-8E2E-03F589E07368}.Debug|Any CPU.Build.0 = Debug|Any CPU
		{5A1A320E-71DE-44BC-8E2E-03F589E07368}.Release|Any CPU.ActiveCfg = Release|Any CPU
		{5A1A320E-71DE-44BC-8E2E-03F589E07368}.Release|Any CPU.Build.0 = Release|Any CPU
	EndGlobalSection
	GlobalSection(SolutionProperties) = preSolution
		HideSolutionNode = FALSE
	EndGlobalSection
	GlobalSection(ExtensibilityGlobals) = postSolution
		SolutionGuid = {74ACF172-5AE7-499E-8993-7F8C430F9157}
	EndGlobalSection
EndGlobal
