
Microsoft Visual Studio Solution File, Format Version 12.00
# Visual Studio Version 17
VisualStudioVersion = 17.1.32328.378
MinimumVisualStudioVersion = 10.0.40219.1
Project("{FAE04EC0-301F-11D3-BF4B-00C04F79EFBC}") = "HarmonicNo", "HarmonicNo.csproj", "{B0A3BB9B-BD77-491C-B9CC-4FA8F07ADED4}"
EndProject
Global
	GlobalSection(SolutionConfigurationPlatforms) = preSolution
		Debug|Any CPU = Debug|Any CPU
		Release|Any CPU = Release|Any CPU
	EndGlobalSection
	GlobalSection(ProjectConfigurationPlatforms) = postSolution
		{B0A3BB9B-BD77-491C-B9CC-4FA8F07ADED4}.Debug|Any CPU.ActiveCfg = Debug|Any CPU
		{B0A3BB9B-BD77-491C-B9CC-4FA8F07ADED4}.Debug|Any CPU.Build.0 = Debug|Any CPU
		{B0A3BB9B-BD77-491C-B9CC-4FA8F07ADED4}.Release|Any CPU.ActiveCfg = Release|Any CPU
		{B0A3BB9B-BD77-491C-B9CC-4FA8F07ADED4}.Release|Any CPU.Build.0 = Release|Any CPU
	EndGlobalSection
	GlobalSection(SolutionProperties) = preSolution
		HideSolutionNode = FALSE
	EndGlobalSection
	GlobalSection(ExtensibilityGlobals) = postSolution
		SolutionGuid = {0354AD07-B648-4059-92A6-DC0B027339AD}
	EndGlobalSection
EndGlobal
