
Microsoft Visual Studio Solution File, Format Version 12.00
# Visual Studio Version 17
VisualStudioVersion = 17.1.32328.378
MinimumVisualStudioVersion = 10.0.40219.1
Project("{FAE04EC0-301F-11D3-BF4B-00C04F79EFBC}") = "FlipCoin", "FlipCoin.csproj", "{728E4568-5E2E-4E1F-8863-B56B3DDEBCFB}"
EndProject
Global
	GlobalSection(SolutionConfigurationPlatforms) = preSolution
		Debug|Any CPU = Debug|Any CPU
		Release|Any CPU = Release|Any CPU
	EndGlobalSection
	GlobalSection(ProjectConfigurationPlatforms) = postSolution
		{728E4568-5E2E-4E1F-8863-B56B3DDEBCFB}.Debug|Any CPU.ActiveCfg = Debug|Any CPU
		{728E4568-5E2E-4E1F-8863-B56B3DDEBCFB}.Debug|Any CPU.Build.0 = Debug|Any CPU
		{728E4568-5E2E-4E1F-8863-B56B3DDEBCFB}.Release|Any CPU.ActiveCfg = Release|Any CPU
		{728E4568-5E2E-4E1F-8863-B56B3DDEBCFB}.Release|Any CPU.Build.0 = Release|Any CPU
	EndGlobalSection
	GlobalSection(SolutionProperties) = preSolution
		HideSolutionNode = FALSE
	EndGlobalSection
	GlobalSection(ExtensibilityGlobals) = postSolution
		SolutionGuid = {FC15CBAC-5678-4407-9336-ECAC655DB943}
	EndGlobalSection
EndGlobal
