
Microsoft Visual Studio Solution File, Format Version 12.00
# Visual Studio Version 17
VisualStudioVersion = 17.1.32328.378
MinimumVisualStudioVersion = 10.0.40219.1
Project("{FAE04EC0-301F-11D3-BF4B-00C04F79EFBC}") = "Alpha_Vowel", "Alpha_Vowel.csproj", "{1BA9F34A-2D95-4446-84FB-E8A8928F7C76}"
EndProject
Global
	GlobalSection(SolutionConfigurationPlatforms) = preSolution
		Debug|Any CPU = Debug|Any CPU
		Release|Any CPU = Release|Any CPU
	EndGlobalSection
	GlobalSection(ProjectConfigurationPlatforms) = postSolution
		{1BA9F34A-2D95-4446-84FB-E8A8928F7C76}.Debug|Any CPU.ActiveCfg = Debug|Any CPU
		{1BA9F34A-2D95-4446-84FB-E8A8928F7C76}.Debug|Any CPU.Build.0 = Debug|Any CPU
		{1BA9F34A-2D95-4446-84FB-E8A8928F7C76}.Release|Any CPU.ActiveCfg = Release|Any CPU
		{1BA9F34A-2D95-4446-84FB-E8A8928F7C76}.Release|Any CPU.Build.0 = Release|Any CPU
	EndGlobalSection
	GlobalSection(SolutionProperties) = preSolution
		HideSolutionNode = FALSE
	EndGlobalSection
	GlobalSection(ExtensibilityGlobals) = postSolution
		SolutionGuid = {FE935FA9-AE28-492F-88AF-C2FCF1D6DEED}
	EndGlobalSection
EndGlobal
